
Microsoft Visual Studio Solution File, Format Version 12.00
# Visual Studio Version 16
VisualStudioVersion = 16.0.31229.75
MinimumVisualStudioVersion = 10.0.40219.1
Project("{FAE04EC0-301F-11D3-BF4B-00C04F79EFBC}") = "Ass03Solution_NguyenTuanKhai_SE151228", "Ass03Solution_NguyenTuanKhai_SE151228.csproj", "{C67999B2-0FB0-4B7E-91C9-E5C7952F73E7}"
EndProject
Global
	GlobalSection(SolutionConfigurationPlatforms) = preSolution
		Debug|Any CPU = Debug|Any CPU
		Release|Any CPU = Release|Any CPU
	EndGlobalSection
	GlobalSection(ProjectConfigurationPlatforms) = postSolution
		{C67999B2-0FB0-4B7E-91C9-E5C7952F73E7}.Debug|Any CPU.ActiveCfg = Debug|Any CPU
		{C67999B2-0FB0-4B7E-91C9-E5C7952F73E7}.Debug|Any CPU.Build.0 = Debug|Any CPU
		{C67999B2-0FB0-4B7E-91C9-E5C7952F73E7}.Release|Any CPU.ActiveCfg = Release|Any CPU
		{C67999B2-0FB0-4B7E-91C9-E5C7952F73E7}.Release|Any CPU.Build.0 = Release|Any CPU
	EndGlobalSection
	GlobalSection(SolutionProperties) = preSolution
		HideSolutionNode = FALSE
	EndGlobalSection
	GlobalSection(ExtensibilityGlobals) = postSolution
		SolutionGuid = {BF4E29EB-9930-4FFD-A859-C5C965470E84}
	EndGlobalSection
EndGlobal
