
Microsoft Visual Studio Solution File, Format Version 12.00
# Visual Studio Version 16
VisualStudioVersion = 16.0.31229.75
MinimumVisualStudioVersion = 10.0.40219.1
Project("{9A19103F-16F7-4668-BE54-9A1E7A4F7556}") = "Ass02Solution_NguyenTuanKhai_SE151228", "Ass02Solution_NguyenTuanKhai_SE151228.csproj", "{298DEB40-2F4B-4CEF-A8BE-C7F3E85ADF1F}"
EndProject
Global
	GlobalSection(SolutionConfigurationPlatforms) = preSolution
		Debug|Any CPU = Debug|Any CPU
		Release|Any CPU = Release|Any CPU
	EndGlobalSection
	GlobalSection(ProjectConfigurationPlatforms) = postSolution
		{298DEB40-2F4B-4CEF-A8BE-C7F3E85ADF1F}.Debug|Any CPU.ActiveCfg = Debug|Any CPU
		{298DEB40-2F4B-4CEF-A8BE-C7F3E85ADF1F}.Debug|Any CPU.Build.0 = Debug|Any CPU
		{298DEB40-2F4B-4CEF-A8BE-C7F3E85ADF1F}.Release|Any CPU.ActiveCfg = Release|Any CPU
		{298DEB40-2F4B-4CEF-A8BE-C7F3E85ADF1F}.Release|Any CPU.Build.0 = Release|Any CPU
	EndGlobalSection
	GlobalSection(SolutionProperties) = preSolution
		HideSolutionNode = FALSE
	EndGlobalSection
	GlobalSection(ExtensibilityGlobals) = postSolution
		SolutionGuid = {852A72F8-930A-48E1-B104-BD1D8E5D8752}
	EndGlobalSection
EndGlobal
